
Microsoft Visual Studio Solution File, Format Version 12.00
# Visual Studio Version 16
VisualStudioVersion = 16.0.31424.327
MinimumVisualStudioVersion = 10.0.40219.1
Project("{FAE04EC0-301F-11D3-BF4B-00C04F79EFBC}") = "Lab12_1", "Lab12_1\Lab12_1.csproj", "{869A2C91-23D0-4175-AC03-3F0908766232}"
EndProject
Project("{2150E333-8FDC-42A3-9474-1A3956D46DE8}") = "Solution Items", "Solution Items", "{0AA425E1-F074-4E56-A5AB-7C43B7748E86}"
	ProjectSection(SolutionItems) = preProject
		.gitignore = .gitignore
	EndProjectSection
EndProject
Global
	GlobalSection(SolutionConfigurationPlatforms) = preSolution
		Debug|Any CPU = Debug|Any CPU
		Release|Any CPU = Release|Any CPU
	EndGlobalSection
	GlobalSection(ProjectConfigurationPlatforms) = postSolution
		{869A2C91-23D0-4175-AC03-3F0908766232}.Debug|Any CPU.ActiveCfg = Debug|Any CPU
		{869A2C91-23D0-4175-AC03-3F0908766232}.Debug|Any CPU.Build.0 = Debug|Any CPU
		{869A2C91-23D0-4175-AC03-3F0908766232}.Release|Any CPU.ActiveCfg = Release|Any CPU
		{869A2C91-23D0-4175-AC03-3F0908766232}.Release|Any CPU.Build.0 = Release|Any CPU
	EndGlobalSection
	GlobalSection(SolutionProperties) = preSolution
		HideSolutionNode = FALSE
	EndGlobalSection
	GlobalSection(ExtensibilityGlobals) = postSolution
		SolutionGuid = {AC346878-F2E9-4AC6-8605-E3AEC4C88F7E}
	EndGlobalSection
EndGlobal
